// !$*UTF8*$!
{
	archiveVersion = 1;
	classes = {
	};
	objectVersion = 46;
	objects = {

/* Begin PBXBuildFile section */
		716EECAC1EF523CB00C36F91 /* main.cpp in Sources */ = {isa = PBXBuildFile; fileRef = 716EECAB1EF523CB00C36F91 /* main.cpp */; };
		716EECB41EF5240D00C36F91 /* SDL2.framework in Frameworks */ = {isa = PBXBuildFile; fileRef = 716EECB31EF5240D00C36F91 /* SDL2.framework */; };
		716EECB71EF52F1300C36F91 /* looper.cpp in Sources */ = {isa = PBXBuildFile; fileRef = 716EECB51EF52F1300C36F91 /* looper.cpp */; };
		716EECC91EF541E200C36F91 /* SDL2_image.framework in Frameworks */ = {isa = PBXBuildFile; fileRef = 716EECC81EF541E200C36F91 /* SDL2_image.framework */; };
		716EECCB1EF546DA00C36F91 /* image.png in CopyFiles */ = {isa = PBXBuildFile; fileRef = 716EECCA1EF5427C00C36F91 /* image.png */; };
		71BDB75A1F0018B800E520CD /* View.cpp in Sources */ = {isa = PBXBuildFile; fileRef = 71BDB7581F0018B700E520CD /* View.cpp */; };
/* End PBXBuildFile section */

/* Begin PBXCopyFilesBuildPhase section */
		716EECA61EF523CB00C36F91 /* CopyFiles */ = {
			isa = PBXCopyFilesBuildPhase;
			buildActionMask = 12;
			dstPath = "";
			dstSubfolderSpec = 16;
			files = (
				716EECCB1EF546DA00C36F91 /* image.png in CopyFiles */,
			);
			runOnlyForDeploymentPostprocessing = 0;
		};
/* End PBXCopyFilesBuildPhase section */

/* Begin PBXFileReference section */
		716EECA81EF523CB00C36F91 /* sdller */ = {isa = PBXFileReference; explicitFileType = "compiled.mach-o.executable"; includeInIndex = 0; path = sdller; sourceTree = BUILT_PRODUCTS_DIR; };
		716EECAB1EF523CB00C36F91 /* main.cpp */ = {isa = PBXFileReference; lastKnownFileType = sourcecode.cpp.cpp; path = main.cpp; sourceTree = "<group>"; };
		716EECB31EF5240D00C36F91 /* SDL2.framework */ = {isa = PBXFileReference; lastKnownFileType = wrapper.framework; name = SDL2.framework; path = ../../../../../../Library/Frameworks/SDL2.framework; sourceTree = "<group>"; };
		716EECB51EF52F1300C36F91 /* looper.cpp */ = {isa = PBXFileReference; fileEncoding = 4; lastKnownFileType = sourcecode.cpp.cpp; path = looper.cpp; sourceTree = "<group>"; };
		716EECB61EF52F1300C36F91 /* looper.hpp */ = {isa = PBXFileReference; fileEncoding = 4; lastKnownFileType = sourcecode.cpp.h; path = looper.hpp; sourceTree = "<group>"; };
		716EECC81EF541E200C36F91 /* SDL2_image.framework */ = {isa = PBXFileReference; lastKnownFileType = wrapper.framework; name = SDL2_image.framework; path = ../../../../../../Library/Frameworks/SDL2_image.framework; sourceTree = "<group>"; };
		716EECCA1EF5427C00C36F91 /* image.png */ = {isa = PBXFileReference; lastKnownFileType = image.png; path = image.png; sourceTree = "<group>"; };
		71BDB7581F0018B700E520CD /* View.cpp */ = {isa = PBXFileReference; fileEncoding = 4; lastKnownFileType = sourcecode.cpp.cpp; path = View.cpp; sourceTree = "<group>"; };
		71BDB7591F0018B700E520CD /* View.hpp */ = {isa = PBXFileReference; fileEncoding = 4; lastKnownFileType = sourcecode.cpp.h; path = View.hpp; sourceTree = "<group>"; };
/* End PBXFileReference section */

/* Begin PBXFrameworksBuildPhase section */
		716EECA51EF523CB00C36F91 /* Frameworks */ = {
			isa = PBXFrameworksBuildPhase;
			buildActionMask = 2147483647;
			files = (
				716EECC91EF541E200C36F91 /* SDL2_image.framework in Frameworks */,
				716EECB41EF5240D00C36F91 /* SDL2.framework in Frameworks */,
			);
			runOnlyForDeploymentPostprocessing = 0;
		};
/* End PBXFrameworksBuildPhase section */

/* Begin PBXGroup section */
		716EEC9F1EF523CB00C36F91 = {
			isa = PBXGroup;
			children = (
				716EECAA1EF523CB00C36F91 /* sdller */,
				716EECA91EF523CB00C36F91 /* Products */,
				716EECB21EF5240D00C36F91 /* Frameworks */,
			);
			sourceTree = "<group>";
		};
		716EECA91EF523CB00C36F91 /* Products */ = {
			isa = PBXGroup;
			children = (
				716EECA81EF523CB00C36F91 /* sdller */,
			);
			name = Products;
			sourceTree = "<group>";
		};
		716EECAA1EF523CB00C36F91 /* sdller */ = {
			isa = PBXGroup;
			children = (
				71BDB7571F00187C00E520CD /* view */,
				716EECCA1EF5427C00C36F91 /* image.png */,
				716EECAB1EF523CB00C36F91 /* main.cpp */,
				716EECB51EF52F1300C36F91 /* looper.cpp */,
				716EECB61EF52F1300C36F91 /* looper.hpp */,
			);
			path = sdller;
			sourceTree = "<group>";
		};
		716EECB21EF5240D00C36F91 /* Frameworks */ = {
			isa = PBXGroup;
			children = (
				716EECC81EF541E200C36F91 /* SDL2_image.framework */,
				716EECB31EF5240D00C36F91 /* SDL2.framework */,
			);
			name = Frameworks;
			sourceTree = "<group>";
		};
		71BDB7571F00187C00E520CD /* view */ = {
			isa = PBXGroup;
			children = (
				71BDB7581F0018B700E520CD /* View.cpp */,
				71BDB7591F0018B700E520CD /* View.hpp */,
			);
			name = view;
			sourceTree = "<group>";
		};
/* End PBXGroup section */

/* Begin PBXNativeTarget section */
		716EECA71EF523CB00C36F91 /* sdller */ = {
			isa = PBXNativeTarget;
			buildConfigurationList = 716EECAF1EF523CB00C36F91 /* Build configuration list for PBXNativeTarget "sdller" */;
			buildPhases = (
				716EECA41EF523CB00C36F91 /* Sources */,
				716EECA51EF523CB00C36F91 /* Frameworks */,
				716EECA61EF523CB00C36F91 /* CopyFiles */,
			);
			buildRules = (
			);
			dependencies = (
			);
			name = sdller;
			productName = sdller;
			productReference = 716EECA81EF523CB00C36F91 /* sdller */;
			productType = "com.apple.product-type.tool";
		};
/* End PBXNativeTarget section */

/* Begin PBXProject section */
		716EECA01EF523CB00C36F91 /* Project object */ = {
			isa = PBXProject;
			attributes = {
				KnownAssetTags = (
					New,
				);
				LastUpgradeCheck = 0830;
				ORGANIZATIONNAME = dmi3coder;
				TargetAttributes = {
					716EECA71EF523CB00C36F91 = {
						CreatedOnToolsVersion = 8.3.3;
						DevelopmentTeam = 82J4AE5QN9;
						ProvisioningStyle = Automatic;
					};
				};
			};
			buildConfigurationList = 716EECA31EF523CB00C36F91 /* Build configuration list for PBXProject "sdller" */;
			compatibilityVersion = "Xcode 3.2";
			developmentRegion = English;
			hasScannedForEncodings = 0;
			knownRegions = (
				en,
			);
			mainGroup = 716EEC9F1EF523CB00C36F91;
			productRefGroup = 716EECA91EF523CB00C36F91 /* Products */;
			projectDirPath = "";
			projectRoot = "";
			targets = (
				716EECA71EF523CB00C36F91 /* sdller */,
			);
		};
/* End PBXProject section */

/* Begin PBXSourcesBuildPhase section */
		716EECA41EF523CB00C36F91 /* Sources */ = {
			isa = PBXSourcesBuildPhase;
			buildActionMask = 2147483647;
			files = (
				71BDB75A1F0018B800E520CD /* View.cpp in Sources */,
				716EECB71EF52F1300C36F91 /* looper.cpp in Sources */,
				716EECAC1EF523CB00C36F91 /* main.cpp in Sources */,
			);
			runOnlyForDeploymentPostprocessing = 0;
		};
/* End PBXSourcesBuildPhase section */

/* Begin XCBuildConfiguration section */
		716EECAD1EF523CB00C36F91 /* Debug */ = {
			isa = XCBuildConfiguration;
			buildSettings = {
				ALWAYS_SEARCH_USER_PATHS = NO;
				CLANG_ANALYZER_NONNULL = YES;
				CLANG_ANALYZER_NUMBER_OBJECT_CONVERSION = YES_AGGRESSIVE;
				CLANG_CXX_LANGUAGE_STANDARD = "gnu++0x";
				CLANG_CXX_LIBRARY = "libc++";
				CLANG_ENABLE_MODULES = YES;
				CLANG_ENABLE_OBJC_ARC = YES;
				CLANG_WARN_BOOL_CONVERSION = YES;
				CLANG_WARN_CONSTANT_CONVERSION = YES;
				CLANG_WARN_DIRECT_OBJC_ISA_USAGE = YES_ERROR;
				CLANG_WARN_DOCUMENTATION_COMMENTS = YES;
				CLANG_WARN_EMPTY_BODY = YES;
				CLANG_WARN_ENUM_CONVERSION = YES;
				CLANG_WARN_INFINITE_RECURSION = YES;
				CLANG_WARN_INT_CONVERSION = YES;
				CLANG_WARN_OBJC_ROOT_CLASS = YES_ERROR;
				CLANG_WARN_SUSPICIOUS_MOVE = YES;
				CLANG_WARN_UNREACHABLE_CODE = YES;
				CLANG_WARN__DUPLICATE_METHOD_MATCH = YES;
				CODE_SIGN_IDENTITY = "-";
				COPY_PHASE_STRIP = NO;
				DEBUG_INFORMATION_FORMAT = dwarf;
				ENABLE_STRICT_OBJC_MSGSEND = YES;
				ENABLE_TESTABILITY = YES;
				GCC_C_LANGUAGE_STANDARD = gnu99;
				GCC_DYNAMIC_NO_PIC = NO;
				GCC_NO_COMMON_BLOCKS = YES;
				GCC_OPTIMIZATION_LEVEL = 0;
				GCC_PREPROCESSOR_DEFINITIONS = (
					"DEBUG=1",
					"$(inherited)",
				);
				GCC_WARN_64_TO_32_BIT_CONVERSION = YES;
				GCC_WARN_ABOUT_RETURN_TYPE = YES_ERROR;
				GCC_WARN_UNDECLARED_SELECTOR = YES;
				GCC_WARN_UNINITIALIZED_AUTOS = YES_AGGRESSIVE;
				GCC_WARN_UNUSED_FUNCTION = YES;
				GCC_WARN_UNUSED_VARIABLE = YES;
				MACOSX_DEPLOYMENT_TARGET = 10.12;
				MTL_ENABLE_DEBUG_INFO = YES;
				ONLY_ACTIVE_ARCH = YES;
				SDKROOT = macosx;
			};
			name = Debug;
		};
		716EECAE1EF523CB00C36F91 /* Release */ = {
			isa = XCBuildConfiguration;
			buildSettings = {
				ALWAYS_SEARCH_USER_PATHS = NO;
				CLANG_ANALYZER_NONNULL = YES;
				CLANG_ANALYZER_NUMBER_OBJECT_CONVERSION = YES_AGGRESSIVE;
				CLANG_CXX_LANGUAGE_STANDARD = "gnu++0x";
				CLANG_CXX_LIBRARY = "libc++";
				CLANG_ENABLE_MODULES = YES;
				CLANG_ENABLE_OBJC_ARC = YES;
				CLANG_WARN_BOOL_CONVERSION = YES;
				CLANG_WARN_CONSTANT_CONVERSION = YES;
				CLANG_WARN_DIRECT_OBJC_ISA_USAGE = YES_ERROR;
				CLANG_WARN_DOCUMENTATION_COMMENTS = YES;
				CLANG_WARN_EMPTY_BODY = YES;
				CLANG_WARN_ENUM_CONVERSION = YES;
				CLANG_WARN_INFINITE_RECURSION = YES;
				CLANG_WARN_INT_CONVERSION = YES;
				CLANG_WARN_OBJC_ROOT_CLASS = YES_ERROR;
				CLANG_WARN_SUSPICIOUS_MOVE = YES;
				CLANG_WARN_UNREACHABLE_CODE = YES;
				CLANG_WARN__DUPLICATE_METHOD_MATCH = YES;
				CODE_SIGN_IDENTITY = "-";
				COPY_PHASE_STRIP = NO;
				DEBUG_INFORMATION_FORMAT = "dwarf-with-dsym";
				ENABLE_NS_ASSERTIONS = NO;
				ENABLE_STRICT_OBJC_MSGSEND = YES;
				GCC_C_LANGUAGE_STANDARD = gnu99;
				GCC_NO_COMMON_BLOCKS = YES;
				GCC_WARN_64_TO_32_BIT_CONVERSION = YES;
				GCC_WARN_ABOUT_RETURN_TYPE = YES_ERROR;
				GCC_WARN_UNDECLARED_SELECTOR = YES;
				GCC_WARN_UNINITIALIZED_AUTOS = YES_AGGRESSIVE;
				GCC_WARN_UNUSED_FUNCTION = YES;
				GCC_WARN_UNUSED_VARIABLE = YES;
				MACOSX_DEPLOYMENT_TARGET = 10.12;
				MTL_ENABLE_DEBUG_INFO = NO;
				SDKROOT = macosx;
			};
			name = Release;
		};
		716EECB01EF523CB00C36F91 /* Debug */ = {
			isa = XCBuildConfiguration;
			buildSettings = {
				DEVELOPMENT_TEAM = 82J4AE5QN9;
				FRAMEWORK_SEARCH_PATHS = (
					"$(inherited)",
					"$(LOCAL_LIBRARY_DIR)/Frameworks",
				);
				PRODUCT_NAME = "$(TARGET_NAME)";
			};
			name = Debug;
		};
		716EECB11EF523CB00C36F91 /* Release */ = {
			isa = XCBuildConfiguration;
			buildSettings = {
				DEVELOPMENT_TEAM = 82J4AE5QN9;
				FRAMEWORK_SEARCH_PATHS = (
					"$(inherited)",
					"$(LOCAL_LIBRARY_DIR)/Frameworks",
				);
				PRODUCT_NAME = "$(TARGET_NAME)";
			};
			name = Release;
		};
/* End XCBuildConfiguration section */

/* Begin XCConfigurationList section */
		716EECA31EF523CB00C36F91 /* Build configuration list for PBXProject "sdller" */ = {
			isa = XCConfigurationList;
			buildConfigurations = (
				716EECAD1EF523CB00C36F91 /* Debug */,
				716EECAE1EF523CB00C36F91 /* Release */,
			);
			defaultConfigurationIsVisible = 0;
			defaultConfigurationName = Release;
		};
		716EECAF1EF523CB00C36F91 /* Build configuration list for PBXNativeTarget "sdller" */ = {
			isa = XCConfigurationList;
			buildConfigurations = (
				716EECB01EF523CB00C36F91 /* Debug */,
				716EECB11EF523CB00C36F91 /* Release */,
			);
			defaultConfigurationIsVisible = 0;
			defaultConfigurationName = Release;
		};
/* End XCConfigurationList section */
	};
	rootObject = 716EECA01EF523CB00C36F91 /* Project object */;
}
